// !$*UTF8*$!
{
	archiveVersion = 1;
	classes = {
	};
	objectVersion = 50;
	objects = {

/* Begin PBXBuildFile section */
		B30ED6C02518B2AB00BE7E73 /* AppDelegate.swift in Sources */ = {isa = PBXBuildFile; fileRef = B30ED6BF2518B2AB00BE7E73 /* AppDelegate.swift */; };
		B30ED6C22518B2AB00BE7E73 /* SceneDelegate.swift in Sources */ = {isa = PBXBuildFile; fileRef = B30ED6C12518B2AB00BE7E73 /* SceneDelegate.swift */; };
		B30ED6C72518B2AB00BE7E73 /* Main.storyboard in Resources */ = {isa = PBXBuildFile; fileRef = B30ED6C52518B2AB00BE7E73 /* Main.storyboard */; };
		B30ED6C92518B2AC00BE7E73 /* Assets.xcassets in Resources */ = {isa = PBXBuildFile; fileRef = B30ED6C82518B2AC00BE7E73 /* Assets.xcassets */; };
		B30ED6CC2518B2AC00BE7E73 /* LaunchScreen.storyboard in Resources */ = {isa = PBXBuildFile; fileRef = B30ED6CA2518B2AC00BE7E73 /* LaunchScreen.storyboard */; };
		B31940C12519E2BB00E784DC /* FirstIntroduceViewController.swift in Sources */ = {isa = PBXBuildFile; fileRef = B31940C02519E2BB00E784DC /* FirstIntroduceViewController.swift */; };
		B31940C4251A142D00E784DC /* SecondIntroduceViewController.swift in Sources */ = {isa = PBXBuildFile; fileRef = B31940C3251A142D00E784DC /* SecondIntroduceViewController.swift */; };
		B31940D0251A37EF00E784DC /* ThirdIntroduceViewController.swift in Sources */ = {isa = PBXBuildFile; fileRef = B31940CF251A37EF00E784DC /* ThirdIntroduceViewController.swift */; };
		B3285A2625246EC200C683B1 /* CitiesTable.swift in Sources */ = {isa = PBXBuildFile; fileRef = B3285A2525246EC200C683B1 /* CitiesTable.swift */; };
		B34E1D6025231F2D00E49CFD /* ChooseYourCityViewController.swift in Sources */ = {isa = PBXBuildFile; fileRef = B34E1D5E25231F2D00E49CFD /* ChooseYourCityViewController.swift */; };
		B34E1D692523418700E49CFD /* ChooseYourCityTableViewCell.xib in Resources */ = {isa = PBXBuildFile; fileRef = B34E1D672523418700E49CFD /* ChooseYourCityTableViewCell.xib */; };
		B34E1D6A2523418700E49CFD /* ChooseYourCityTableViewCell.swift in Sources */ = {isa = PBXBuildFile; fileRef = B34E1D682523418700E49CFD /* ChooseYourCityTableViewCell.swift */; };
		B34E1D7925236F7000E49CFD /* ChooseYourCityHeaderTableViewCell.xib in Resources */ = {isa = PBXBuildFile; fileRef = B34E1D7725236F7000E49CFD /* ChooseYourCityHeaderTableViewCell.xib */; };
		B34E1D7A25236F7000E49CFD /* ChooseYourCityHeaderTableViewCell.swift in Sources */ = {isa = PBXBuildFile; fileRef = B34E1D7825236F7000E49CFD /* ChooseYourCityHeaderTableViewCell.swift */; };
		B355D36F251B2E8C0026D082 /* AllowNotificationsViewController.swift in Sources */ = {isa = PBXBuildFile; fileRef = B355D36E251B2E8C0026D082 /* AllowNotificationsViewController.swift */; };
		B38E4D50252707780039DD2C /* MainCatalogViewController.swift in Sources */ = {isa = PBXBuildFile; fileRef = B38E4D4F252707780039DD2C /* MainCatalogViewController.swift */; };
		B38E4D542527193E0039DD2C /* CabinetViewController.swift in Sources */ = {isa = PBXBuildFile; fileRef = B38E4D532527193E0039DD2C /* CabinetViewController.swift */; };
/* End PBXBuildFile section */

/* Begin PBXFileReference section */
		B30ED6BC2518B2AB00BE7E73 /* HandsDo.app */ = {isa = PBXFileReference; explicitFileType = wrapper.application; includeInIndex = 0; path = HandsDo.app; sourceTree = BUILT_PRODUCTS_DIR; };
		B30ED6BF2518B2AB00BE7E73 /* AppDelegate.swift */ = {isa = PBXFileReference; lastKnownFileType = sourcecode.swift; path = AppDelegate.swift; sourceTree = "<group>"; };
		B30ED6C12518B2AB00BE7E73 /* SceneDelegate.swift */ = {isa = PBXFileReference; lastKnownFileType = sourcecode.swift; path = SceneDelegate.swift; sourceTree = "<group>"; };
		B30ED6C62518B2AB00BE7E73 /* Base */ = {isa = PBXFileReference; lastKnownFileType = file.storyboard; name = Base; path = Base.lproj/Main.storyboard; sourceTree = "<group>"; };
		B30ED6C82518B2AC00BE7E73 /* Assets.xcassets */ = {isa = PBXFileReference; lastKnownFileType = folder.assetcatalog; path = Assets.xcassets; sourceTree = "<group>"; };
		B30ED6CB2518B2AC00BE7E73 /* Base */ = {isa = PBXFileReference; lastKnownFileType = file.storyboard; name = Base; path = Base.lproj/LaunchScreen.storyboard; sourceTree = "<group>"; };
		B30ED6CD2518B2AC00BE7E73 /* Info.plist */ = {isa = PBXFileReference; lastKnownFileType = text.plist.xml; path = Info.plist; sourceTree = "<group>"; };
		B31940C02519E2BB00E784DC /* FirstIntroduceViewController.swift */ = {isa = PBXFileReference; lastKnownFileType = sourcecode.swift; path = FirstIntroduceViewController.swift; sourceTree = "<group>"; };
		B31940C3251A142D00E784DC /* SecondIntroduceViewController.swift */ = {isa = PBXFileReference; lastKnownFileType = sourcecode.swift; path = SecondIntroduceViewController.swift; sourceTree = "<group>"; };
		B31940CF251A37EF00E784DC /* ThirdIntroduceViewController.swift */ = {isa = PBXFileReference; lastKnownFileType = sourcecode.swift; path = ThirdIntroduceViewController.swift; sourceTree = "<group>"; };
		B3285A2525246EC200C683B1 /* CitiesTable.swift */ = {isa = PBXFileReference; lastKnownFileType = sourcecode.swift; path = CitiesTable.swift; sourceTree = "<group>"; };
		B34E1D5E25231F2D00E49CFD /* ChooseYourCityViewController.swift */ = {isa = PBXFileReference; lastKnownFileType = sourcecode.swift; path = ChooseYourCityViewController.swift; sourceTree = "<group>"; };
		B34E1D672523418700E49CFD /* ChooseYourCityTableViewCell.xib */ = {isa = PBXFileReference; lastKnownFileType = file.xib; path = ChooseYourCityTableViewCell.xib; sourceTree = "<group>"; };
		B34E1D682523418700E49CFD /* ChooseYourCityTableViewCell.swift */ = {isa = PBXFileReference; lastKnownFileType = sourcecode.swift; path = ChooseYourCityTableViewCell.swift; sourceTree = "<group>"; };
		B34E1D7725236F7000E49CFD /* ChooseYourCityHeaderTableViewCell.xib */ = {isa = PBXFileReference; lastKnownFileType = file.xib; path = ChooseYourCityHeaderTableViewCell.xib; sourceTree = "<group>"; };
		B34E1D7825236F7000E49CFD /* ChooseYourCityHeaderTableViewCell.swift */ = {isa = PBXFileReference; lastKnownFileType = sourcecode.swift; path = ChooseYourCityHeaderTableViewCell.swift; sourceTree = "<group>"; };
		B355D36E251B2E8C0026D082 /* AllowNotificationsViewController.swift */ = {isa = PBXFileReference; lastKnownFileType = sourcecode.swift; path = AllowNotificationsViewController.swift; sourceTree = "<group>"; };
		B38E4D4F252707780039DD2C /* MainCatalogViewController.swift */ = {isa = PBXFileReference; lastKnownFileType = sourcecode.swift; path = MainCatalogViewController.swift; sourceTree = "<group>"; };
		B38E4D532527193E0039DD2C /* CabinetViewController.swift */ = {isa = PBXFileReference; lastKnownFileType = sourcecode.swift; path = CabinetViewController.swift; sourceTree = "<group>"; };
/* End PBXFileReference section */

/* Begin PBXFrameworksBuildPhase section */
		B30ED6B92518B2AB00BE7E73 /* Frameworks */ = {
			isa = PBXFrameworksBuildPhase;
			buildActionMask = 2147483647;
			files = (
			);
			runOnlyForDeploymentPostprocessing = 0;
		};
/* End PBXFrameworksBuildPhase section */

/* Begin PBXGroup section */
		B30ED6B32518B2AB00BE7E73 = {
			isa = PBXGroup;
			children = (
				B30ED6BE2518B2AB00BE7E73 /* HandsDo */,
				B30ED6BD2518B2AB00BE7E73 /* Products */,
			);
			sourceTree = "<group>";
		};
		B30ED6BD2518B2AB00BE7E73 /* Products */ = {
			isa = PBXGroup;
			children = (
				B30ED6BC2518B2AB00BE7E73 /* HandsDo.app */,
			);
			name = Products;
			sourceTree = "<group>";
		};
		B30ED6BE2518B2AB00BE7E73 /* HandsDo */ = {
			isa = PBXGroup;
			children = (
				B31940B42519DD0800E784DC /* Application */,
				B3285A2825246EC800C683B1 /* Model */,
				B31940B02519DC2300E784DC /* View */,
				B31940BF2519E26A00E784DC /* Controller */,
				B31940B12519DC4800E784DC /* Resources */,
				B30ED6CD2518B2AC00BE7E73 /* Info.plist */,
			);
			path = HandsDo;
			sourceTree = "<group>";
		};
		B31940B02519DC2300E784DC /* View */ = {
			isa = PBXGroup;
			children = (
			);
			path = View;
			sourceTree = "<group>";
		};
		B31940B12519DC4800E784DC /* Resources */ = {
			isa = PBXGroup;
			children = (
				B30ED6C52518B2AB00BE7E73 /* Main.storyboard */,
				B30ED6C82518B2AC00BE7E73 /* Assets.xcassets */,
				B30ED6CA2518B2AC00BE7E73 /* LaunchScreen.storyboard */,
			);
			path = Resources;
			sourceTree = "<group>";
		};
		B31940B42519DD0800E784DC /* Application */ = {
			isa = PBXGroup;
			children = (
				B30ED6BF2518B2AB00BE7E73 /* AppDelegate.swift */,
				B30ED6C12518B2AB00BE7E73 /* SceneDelegate.swift */,
			);
			path = Application;
			sourceTree = "<group>";
		};
		B31940BF2519E26A00E784DC /* Controller */ = {
			isa = PBXGroup;
			children = (
				B3B492A32526041A0020DA4F /* Introduce */,
				B34E1D5E25231F2D00E49CFD /* ChooseYourCityViewController.swift */,
				B38E4D4F252707780039DD2C /* MainCatalogViewController.swift */,
				B38E4D532527193E0039DD2C /* CabinetViewController.swift */,
				B34E1D7525236DA700E49CFD /* Cells */,
			);
			path = Controller;
			sourceTree = "<group>";
		};
		B3285A2825246EC800C683B1 /* Model */ = {
			isa = PBXGroup;
			children = (
				B3285A2525246EC200C683B1 /* CitiesTable.swift */,
			);
			path = Model;
			sourceTree = "<group>";
		};
		B34E1D7525236DA700E49CFD /* Cells */ = {
			isa = PBXGroup;
			children = (
				B34E1D682523418700E49CFD /* ChooseYourCityTableViewCell.swift */,
				B34E1D672523418700E49CFD /* ChooseYourCityTableViewCell.xib */,
				B34E1D7825236F7000E49CFD /* ChooseYourCityHeaderTableViewCell.swift */,
				B34E1D7725236F7000E49CFD /* ChooseYourCityHeaderTableViewCell.xib */,
			);
			path = Cells;
			sourceTree = "<group>";
		};
		B3B492A32526041A0020DA4F /* Introduce */ = {
			isa = PBXGroup;
			children = (
				B31940C02519E2BB00E784DC /* FirstIntroduceViewController.swift */,
				B31940C3251A142D00E784DC /* SecondIntroduceViewController.swift */,
				B31940CF251A37EF00E784DC /* ThirdIntroduceViewController.swift */,
				B355D36E251B2E8C0026D082 /* AllowNotificationsViewController.swift */,
			);
			path = Introduce;
			sourceTree = "<group>";
		};
/* End PBXGroup section */

/* Begin PBXNativeTarget section */
		B30ED6BB2518B2AB00BE7E73 /* HandsDo */ = {
			isa = PBXNativeTarget;
			buildConfigurationList = B30ED6D02518B2AC00BE7E73 /* Build configuration list for PBXNativeTarget "HandsDo" */;
			buildPhases = (
				B30ED6B82518B2AB00BE7E73 /* Sources */,
				B30ED6B92518B2AB00BE7E73 /* Frameworks */,
				B30ED6BA2518B2AB00BE7E73 /* Resources */,
			);
			buildRules = (
			);
			dependencies = (
			);
			name = HandsDo;
			productName = HandsDo;
			productReference = B30ED6BC2518B2AB00BE7E73 /* HandsDo.app */;
			productType = "com.apple.product-type.application";
		};
/* End PBXNativeTarget section */

/* Begin PBXProject section */
		B30ED6B42518B2AB00BE7E73 /* Project object */ = {
			isa = PBXProject;
			attributes = {
				LastSwiftUpdateCheck = 1200;
				LastUpgradeCheck = 1200;
				TargetAttributes = {
					B30ED6BB2518B2AB00BE7E73 = {
						CreatedOnToolsVersion = 12.0;
					};
				};
			};
			buildConfigurationList = B30ED6B72518B2AB00BE7E73 /* Build configuration list for PBXProject "HandsDo" */;
			compatibilityVersion = "Xcode 9.3";
			developmentRegion = en;
			hasScannedForEncodings = 0;
			knownRegions = (
				en,
				Base,
			);
			mainGroup = B30ED6B32518B2AB00BE7E73;
			productRefGroup = B30ED6BD2518B2AB00BE7E73 /* Products */;
			projectDirPath = "";
			projectRoot = "";
			targets = (
				B30ED6BB2518B2AB00BE7E73 /* HandsDo */,
			);
		};
/* End PBXProject section */

/* Begin PBXResourcesBuildPhase section */
		B30ED6BA2518B2AB00BE7E73 /* Resources */ = {
			isa = PBXResourcesBuildPhase;
			buildActionMask = 2147483647;
			files = (
				B34E1D692523418700E49CFD /* ChooseYourCityTableViewCell.xib in Resources */,
				B30ED6CC2518B2AC00BE7E73 /* LaunchScreen.storyboard in Resources */,
				B30ED6C92518B2AC00BE7E73 /* Assets.xcassets in Resources */,
				B30ED6C72518B2AB00BE7E73 /* Main.storyboard in Resources */,
				B34E1D7925236F7000E49CFD /* ChooseYourCityHeaderTableViewCell.xib in Resources */,
			);
			runOnlyForDeploymentPostprocessing = 0;
		};
/* End PBXResourcesBuildPhase section */

/* Begin PBXSourcesBuildPhase section */
		B30ED6B82518B2AB00BE7E73 /* Sources */ = {
			isa = PBXSourcesBuildPhase;
			buildActionMask = 2147483647;
			files = (
				B34E1D6A2523418700E49CFD /* ChooseYourCityTableViewCell.swift in Sources */,
				B34E1D7A25236F7000E49CFD /* ChooseYourCityHeaderTableViewCell.swift in Sources */,
				B31940C12519E2BB00E784DC /* FirstIntroduceViewController.swift in Sources */,
				B30ED6C02518B2AB00BE7E73 /* AppDelegate.swift in Sources */,
				B38E4D50252707780039DD2C /* MainCatalogViewController.swift in Sources */,
				B31940D0251A37EF00E784DC /* ThirdIntroduceViewController.swift in Sources */,
				B31940C4251A142D00E784DC /* SecondIntroduceViewController.swift in Sources */,
				B38E4D542527193E0039DD2C /* CabinetViewController.swift in Sources */,
				B30ED6C22518B2AB00BE7E73 /* SceneDelegate.swift in Sources */,
				B355D36F251B2E8C0026D082 /* AllowNotificationsViewController.swift in Sources */,
				B34E1D6025231F2D00E49CFD /* ChooseYourCityViewController.swift in Sources */,
				B3285A2625246EC200C683B1 /* CitiesTable.swift in Sources */,
			);
			runOnlyForDeploymentPostprocessing = 0;
		};
/* End PBXSourcesBuildPhase section */

/* Begin PBXVariantGroup section */
		B30ED6C52518B2AB00BE7E73 /* Main.storyboard */ = {
			isa = PBXVariantGroup;
			children = (
				B30ED6C62518B2AB00BE7E73 /* Base */,
			);
			name = Main.storyboard;
			sourceTree = "<group>";
		};
		B30ED6CA2518B2AC00BE7E73 /* LaunchScreen.storyboard */ = {
			isa = PBXVariantGroup;
			children = (
				B30ED6CB2518B2AC00BE7E73 /* Base */,
			);
			name = LaunchScreen.storyboard;
			sourceTree = "<group>";
		};
/* End PBXVariantGroup section */

/* Begin XCBuildConfiguration section */
		B30ED6CE2518B2AC00BE7E73 /* Debug */ = {
			isa = XCBuildConfiguration;
			buildSettings = {
				ALWAYS_SEARCH_USER_PATHS = NO;
				CLANG_ANALYZER_NONNULL = YES;
				CLANG_ANALYZER_NUMBER_OBJECT_CONVERSION = YES_AGGRESSIVE;
				CLANG_CXX_LANGUAGE_STANDARD = "gnu++14";
				CLANG_CXX_LIBRARY = "libc++";
				CLANG_ENABLE_MODULES = YES;
				CLANG_ENABLE_OBJC_ARC = YES;
				CLANG_ENABLE_OBJC_WEAK = YES;
				CLANG_WARN_BLOCK_CAPTURE_AUTORELEASING = YES;
				CLANG_WARN_BOOL_CONVERSION = YES;
				CLANG_WARN_COMMA = YES;
				CLANG_WARN_CONSTANT_CONVERSION = YES;
				CLANG_WARN_DEPRECATED_OBJC_IMPLEMENTATIONS = YES;
				CLANG_WARN_DIRECT_OBJC_ISA_USAGE = YES_ERROR;
				CLANG_WARN_DOCUMENTATION_COMMENTS = YES;
				CLANG_WARN_EMPTY_BODY = YES;
				CLANG_WARN_ENUM_CONVERSION = YES;
				CLANG_WARN_INFINITE_RECURSION = YES;
				CLANG_WARN_INT_CONVERSION = YES;
				CLANG_WARN_NON_LITERAL_NULL_CONVERSION = YES;
				CLANG_WARN_OBJC_IMPLICIT_RETAIN_SELF = YES;
				CLANG_WARN_OBJC_LITERAL_CONVERSION = YES;
				CLANG_WARN_OBJC_ROOT_CLASS = YES_ERROR;
				CLANG_WARN_QUOTED_INCLUDE_IN_FRAMEWORK_HEADER = YES;
				CLANG_WARN_RANGE_LOOP_ANALYSIS = YES;
				CLANG_WARN_STRICT_PROTOTYPES = YES;
				CLANG_WARN_SUSPICIOUS_MOVE = YES;
				CLANG_WARN_UNGUARDED_AVAILABILITY = YES_AGGRESSIVE;
				CLANG_WARN_UNREACHABLE_CODE = YES;
				CLANG_WARN__DUPLICATE_METHOD_MATCH = YES;
				COPY_PHASE_STRIP = NO;
				DEBUG_INFORMATION_FORMAT = dwarf;
				ENABLE_STRICT_OBJC_MSGSEND = YES;
				ENABLE_TESTABILITY = YES;
				GCC_C_LANGUAGE_STANDARD = gnu11;
				GCC_DYNAMIC_NO_PIC = NO;
				GCC_NO_COMMON_BLOCKS = YES;
				GCC_OPTIMIZATION_LEVEL = 0;
				GCC_PREPROCESSOR_DEFINITIONS = (
					"DEBUG=1",
					"$(inherited)",
				);
				GCC_WARN_64_TO_32_BIT_CONVERSION = YES;
				GCC_WARN_ABOUT_RETURN_TYPE = YES_ERROR;
				GCC_WARN_UNDECLARED_SELECTOR = YES;
				GCC_WARN_UNINITIALIZED_AUTOS = YES_AGGRESSIVE;
				GCC_WARN_UNUSED_FUNCTION = YES;
				GCC_WARN_UNUSED_VARIABLE = YES;
				IPHONEOS_DEPLOYMENT_TARGET = 14.0;
				MTL_ENABLE_DEBUG_INFO = INCLUDE_SOURCE;
				MTL_FAST_MATH = YES;
				ONLY_ACTIVE_ARCH = YES;
				SDKROOT = iphoneos;
				SWIFT_ACTIVE_COMPILATION_CONDITIONS = DEBUG;
				SWIFT_OPTIMIZATION_LEVEL = "-Onone";
			};
			name = Debug;
		};
		B30ED6CF2518B2AC00BE7E73 /* Release */ = {
			isa = XCBuildConfiguration;
			buildSettings = {
				ALWAYS_SEARCH_USER_PATHS = NO;
				CLANG_ANALYZER_NONNULL = YES;
				CLANG_ANALYZER_NUMBER_OBJECT_CONVERSION = YES_AGGRESSIVE;
				CLANG_CXX_LANGUAGE_STANDARD = "gnu++14";
				CLANG_CXX_LIBRARY = "libc++";
				CLANG_ENABLE_MODULES = YES;
				CLANG_ENABLE_OBJC_ARC = YES;
				CLANG_ENABLE_OBJC_WEAK = YES;
				CLANG_WARN_BLOCK_CAPTURE_AUTORELEASING = YES;
				CLANG_WARN_BOOL_CONVERSION = YES;
				CLANG_WARN_COMMA = YES;
				CLANG_WARN_CONSTANT_CONVERSION = YES;
				CLANG_WARN_DEPRECATED_OBJC_IMPLEMENTATIONS = YES;
				CLANG_WARN_DIRECT_OBJC_ISA_USAGE = YES_ERROR;
				CLANG_WARN_DOCUMENTATION_COMMENTS = YES;
				CLANG_WARN_EMPTY_BODY = YES;
				CLANG_WARN_ENUM_CONVERSION = YES;
				CLANG_WARN_INFINITE_RECURSION = YES;
				CLANG_WARN_INT_CONVERSION = YES;
				CLANG_WARN_NON_LITERAL_NULL_CONVERSION = YES;
				CLANG_WARN_OBJC_IMPLICIT_RETAIN_SELF = YES;
				CLANG_WARN_OBJC_LITERAL_CONVERSION = YES;
				CLANG_WARN_OBJC_ROOT_CLASS = YES_ERROR;
				CLANG_WARN_QUOTED_INCLUDE_IN_FRAMEWORK_HEADER = YES;
				CLANG_WARN_RANGE_LOOP_ANALYSIS = YES;
				CLANG_WARN_STRICT_PROTOTYPES = YES;
				CLANG_WARN_SUSPICIOUS_MOVE = YES;
				CLANG_WARN_UNGUARDED_AVAILABILITY = YES_AGGRESSIVE;
				CLANG_WARN_UNREACHABLE_CODE = YES;
				CLANG_WARN__DUPLICATE_METHOD_MATCH = YES;
				COPY_PHASE_STRIP = NO;
				DEBUG_INFORMATION_FORMAT = "dwarf-with-dsym";
				ENABLE_NS_ASSERTIONS = NO;
				ENABLE_STRICT_OBJC_MSGSEND = YES;
				GCC_C_LANGUAGE_STANDARD = gnu11;
				GCC_NO_COMMON_BLOCKS = YES;
				GCC_WARN_64_TO_32_BIT_CONVERSION = YES;
				GCC_WARN_ABOUT_RETURN_TYPE = YES_ERROR;
				GCC_WARN_UNDECLARED_SELECTOR = YES;
				GCC_WARN_UNINITIALIZED_AUTOS = YES_AGGRESSIVE;
				GCC_WARN_UNUSED_FUNCTION = YES;
				GCC_WARN_UNUSED_VARIABLE = YES;
				IPHONEOS_DEPLOYMENT_TARGET = 14.0;
				MTL_ENABLE_DEBUG_INFO = NO;
				MTL_FAST_MATH = YES;
				SDKROOT = iphoneos;
				SWIFT_COMPILATION_MODE = wholemodule;
				SWIFT_OPTIMIZATION_LEVEL = "-O";
				VALIDATE_PRODUCT = YES;
			};
			name = Release;
		};
		B30ED6D12518B2AC00BE7E73 /* Debug */ = {
			isa = XCBuildConfiguration;
			buildSettings = {
				ASSETCATALOG_COMPILER_APPICON_NAME = AppIcon;
				ASSETCATALOG_COMPILER_GLOBAL_ACCENT_COLOR_NAME = AccentColor;
				CODE_SIGN_STYLE = Automatic;
				DEVELOPMENT_TEAM = 26U39N9LS4;
				INFOPLIST_FILE = HandsDo/Info.plist;
				LD_RUNPATH_SEARCH_PATHS = (
					"$(inherited)",
					"@executable_path/Frameworks",
				);
				PRODUCT_BUNDLE_IDENTIFIER = iAryslanov.HandsDo;
				PRODUCT_NAME = "$(TARGET_NAME)";
				SWIFT_VERSION = 5.0;
				TARGETED_DEVICE_FAMILY = "1,2";
			};
			name = Debug;
		};
		B30ED6D22518B2AC00BE7E73 /* Release */ = {
			isa = XCBuildConfiguration;
			buildSettings = {
				ASSETCATALOG_COMPILER_APPICON_NAME = AppIcon;
				ASSETCATALOG_COMPILER_GLOBAL_ACCENT_COLOR_NAME = AccentColor;
				CODE_SIGN_STYLE = Automatic;
				DEVELOPMENT_TEAM = 26U39N9LS4;
				INFOPLIST_FILE = HandsDo/Info.plist;
				LD_RUNPATH_SEARCH_PATHS = (
					"$(inherited)",
					"@executable_path/Frameworks",
				);
				PRODUCT_BUNDLE_IDENTIFIER = iAryslanov.HandsDo;
				PRODUCT_NAME = "$(TARGET_NAME)";
				SWIFT_VERSION = 5.0;
				TARGETED_DEVICE_FAMILY = "1,2";
			};
			name = Release;
		};
/* End XCBuildConfiguration section */

/* Begin XCConfigurationList section */
		B30ED6B72518B2AB00BE7E73 /* Build configuration list for PBXProject "HandsDo" */ = {
			isa = XCConfigurationList;
			buildConfigurations = (
				B30ED6CE2518B2AC00BE7E73 /* Debug */,
				B30ED6CF2518B2AC00BE7E73 /* Release */,
			);
			defaultConfigurationIsVisible = 0;
			defaultConfigurationName = Release;
		};
		B30ED6D02518B2AC00BE7E73 /* Build configuration list for PBXNativeTarget "HandsDo" */ = {
			isa = XCConfigurationList;
			buildConfigurations = (
				B30ED6D12518B2AC00BE7E73 /* Debug */,
				B30ED6D22518B2AC00BE7E73 /* Release */,
			);
			defaultConfigurationIsVisible = 0;
			defaultConfigurationName = Release;
		};
/* End XCConfigurationList section */
	};
	rootObject = B30ED6B42518B2AB00BE7E73 /* Project object */;
}
